
Microsoft Visual Studio Solution File, Format Version 12.00
# Visual Studio 14
VisualStudioVersion = 14.0.25420.1
MinimumVisualStudioVersion = 10.0.40219.1
Project("{FAE04EC0-301F-11D3-BF4B-00C04F79EFBC}") = "SpaceDefense", "SpaceDefense.csproj", "{65F5F787-134F-156E-2192-52607EFCFBD3}"
EndProject
Project("{FAE04EC0-301F-11D3-BF4B-00C04F79EFBC}") = "SpaceDefenseTests", "..\SpaceDefenseTests\SpaceDefenseTests.csproj", "{DD5AD0A3-9100-426C-ADC1-AA1E064C24CD}"
EndProject
Global
	GlobalSection(SolutionConfigurationPlatforms) = preSolution
		Debug|Any CPU = Debug|Any CPU
		Release|Any CPU = Release|Any CPU
	EndGlobalSection
	GlobalSection(ProjectConfigurationPlatforms) = postSolution
		{65F5F787-134F-156E-2192-52607EFCFBD3}.Debug|Any CPU.ActiveCfg = Debug|Any CPU
		{65F5F787-134F-156E-2192-52607EFCFBD3}.Debug|Any CPU.Build.0 = Debug|Any CPU
		{65F5F787-134F-156E-2192-52607EFCFBD3}.Release|Any CPU.ActiveCfg = Release|Any CPU
		{65F5F787-134F-156E-2192-52607EFCFBD3}.Release|Any CPU.Build.0 = Release|Any CPU
		{DD5AD0A3-9100-426C-ADC1-AA1E064C24CD}.Debug|Any CPU.ActiveCfg = Debug|Any CPU
		{DD5AD0A3-9100-426C-ADC1-AA1E064C24CD}.Debug|Any CPU.Build.0 = Debug|Any CPU
		{DD5AD0A3-9100-426C-ADC1-AA1E064C24CD}.Release|Any CPU.ActiveCfg = Release|Any CPU
		{DD5AD0A3-9100-426C-ADC1-AA1E064C24CD}.Release|Any CPU.Build.0 = Release|Any CPU
	EndGlobalSection
	GlobalSection(SolutionProperties) = preSolution
		HideSolutionNode = FALSE
	EndGlobalSection
EndGlobal
